
Microsoft Visual Studio Solution File, Format Version 11.00
# Visual Studio 2010
Project("{FAE04EC0-301F-11D3-BF4B-00C04F79EFBC}") = "OpenGlGameCommon", "OpenGlGameCommon\OpenGlGameCommon.csproj", "{42610CB5-8B1B-4860-86DF-55232334EADC}"
EndProject
Project("{FAE04EC0-301F-11D3-BF4B-00C04F79EFBC}") = "SneakingCommon", "SneakingCommon\SneakingCommon.csproj", "{1524DD8E-F1DB-47C0-9ED5-3335433578F9}"
EndProject
Project("{FAE04EC0-301F-11D3-BF4B-00C04F79EFBC}") = "DummyOne", "DummyOne\DummyOne.csproj", "{35518891-A209-448D-873D-C5B83BC73F0F}"
EndProject
Project("{FAE04EC0-301F-11D3-BF4B-00C04F79EFBC}") = "OpenGlMapTester", "OpenGlMapTester\OpenGlMapTester.csproj", "{453A5258-23F5-4ACF-A689-16F6EA86F8D8}"
EndProject
Project("{2150E333-8FDC-42A3-9474-1A3956D46DE8}") = "Solution Items", "Solution Items", "{A1F60E99-4CA1-4BDF-99F6-3F1057FA6223}"
	ProjectSection(SolutionItems) = preProject
		Local.testsettings = Local.testsettings
		TraceAndTestImpact.testsettings = TraceAndTestImpact.testsettings
		TurnBasedSneakingSandbox.vsmdi = TurnBasedSneakingSandbox.vsmdi
	EndProjectSection
EndProject
Project("{FAE04EC0-301F-11D3-BF4B-00C04F79EFBC}") = "SneakingCommonTests", "SneakingCommonTests\SneakingCommonTests.csproj", "{234C1883-5ABF-41B1-8156-EDD48359C127}"
EndProject
Project("{FAE04EC0-301F-11D3-BF4B-00C04F79EFBC}") = "SneakingCreationWithForms", "SneakingCreationWithForms\SneakingCreationWithForms.csproj", "{352E73F3-E51C-48FD-B77C-3BCC9995B017}"
EndProject
Project("{FAE04EC0-301F-11D3-BF4B-00C04F79EFBC}") = "PresenterTests", "PresenterTests\PresenterTests.csproj", "{711BA4D6-E350-4E68-A42F-EB236CC3CEDC}"
EndProject
Global
	GlobalSection(TestCaseManagementSettings) = postSolution
		CategoryFile = TurnBasedSneakingSandbox.vsmdi
	EndGlobalSection
	GlobalSection(SolutionConfigurationPlatforms) = preSolution
		Debug|Any CPU = Debug|Any CPU
		Debug|Mixed Platforms = Debug|Mixed Platforms
		Debug|x86 = Debug|x86
		Release|Any CPU = Release|Any CPU
		Release|Mixed Platforms = Release|Mixed Platforms
		Release|x86 = Release|x86
	EndGlobalSection
	GlobalSection(ProjectConfigurationPlatforms) = postSolution
		{42610CB5-8B1B-4860-86DF-55232334EADC}.Debug|Any CPU.ActiveCfg = Debug|Any CPU
		{42610CB5-8B1B-4860-86DF-55232334EADC}.Debug|Any CPU.Build.0 = Debug|Any CPU
		{42610CB5-8B1B-4860-86DF-55232334EADC}.Debug|Mixed Platforms.ActiveCfg = Debug|Any CPU
		{42610CB5-8B1B-4860-86DF-55232334EADC}.Debug|Mixed Platforms.Build.0 = Debug|Any CPU
		{42610CB5-8B1B-4860-86DF-55232334EADC}.Debug|x86.ActiveCfg = Debug|Any CPU
		{42610CB5-8B1B-4860-86DF-55232334EADC}.Release|Any CPU.ActiveCfg = Release|Any CPU
		{42610CB5-8B1B-4860-86DF-55232334EADC}.Release|Any CPU.Build.0 = Release|Any CPU
		{42610CB5-8B1B-4860-86DF-55232334EADC}.Release|Mixed Platforms.ActiveCfg = Release|Any CPU
		{42610CB5-8B1B-4860-86DF-55232334EADC}.Release|Mixed Platforms.Build.0 = Release|Any CPU
		{42610CB5-8B1B-4860-86DF-55232334EADC}.Release|x86.ActiveCfg = Release|Any CPU
		{1524DD8E-F1DB-47C0-9ED5-3335433578F9}.Debug|Any CPU.ActiveCfg = Debug|Any CPU
		{1524DD8E-F1DB-47C0-9ED5-3335433578F9}.Debug|Any CPU.Build.0 = Debug|Any CPU
		{1524DD8E-F1DB-47C0-9ED5-3335433578F9}.Debug|Mixed Platforms.ActiveCfg = Debug|Any CPU
		{1524DD8E-F1DB-47C0-9ED5-3335433578F9}.Debug|Mixed Platforms.Build.0 = Debug|Any CPU
		{1524DD8E-F1DB-47C0-9ED5-3335433578F9}.Debug|x86.ActiveCfg = Debug|Any CPU
		{1524DD8E-F1DB-47C0-9ED5-3335433578F9}.Release|Any CPU.ActiveCfg = Release|Any CPU
		{1524DD8E-F1DB-47C0-9ED5-3335433578F9}.Release|Any CPU.Build.0 = Release|Any CPU
		{1524DD8E-F1DB-47C0-9ED5-3335433578F9}.Release|Mixed Platforms.ActiveCfg = Release|Any CPU
		{1524DD8E-F1DB-47C0-9ED5-3335433578F9}.Release|Mixed Platforms.Build.0 = Release|Any CPU
		{1524DD8E-F1DB-47C0-9ED5-3335433578F9}.Release|x86.ActiveCfg = Release|Any CPU
		{35518891-A209-448D-873D-C5B83BC73F0F}.Debug|Any CPU.ActiveCfg = Debug|x86
		{35518891-A209-448D-873D-C5B83BC73F0F}.Debug|Mixed Platforms.ActiveCfg = Debug|x86
		{35518891-A209-448D-873D-C5B83BC73F0F}.Debug|Mixed Platforms.Build.0 = Debug|x86
		{35518891-A209-448D-873D-C5B83BC73F0F}.Debug|x86.ActiveCfg = Debug|x86
		{35518891-A209-448D-873D-C5B83BC73F0F}.Debug|x86.Build.0 = Debug|x86
		{35518891-A209-448D-873D-C5B83BC73F0F}.Release|Any CPU.ActiveCfg = Release|x86
		{35518891-A209-448D-873D-C5B83BC73F0F}.Release|Mixed Platforms.ActiveCfg = Release|x86
		{35518891-A209-448D-873D-C5B83BC73F0F}.Release|Mixed Platforms.Build.0 = Release|x86
		{35518891-A209-448D-873D-C5B83BC73F0F}.Release|x86.ActiveCfg = Release|x86
		{35518891-A209-448D-873D-C5B83BC73F0F}.Release|x86.Build.0 = Release|x86
		{453A5258-23F5-4ACF-A689-16F6EA86F8D8}.Debug|Any CPU.ActiveCfg = Debug|Any CPU
		{453A5258-23F5-4ACF-A689-16F6EA86F8D8}.Debug|Any CPU.Build.0 = Debug|Any CPU
		{453A5258-23F5-4ACF-A689-16F6EA86F8D8}.Debug|Mixed Platforms.ActiveCfg = Debug|Any CPU
		{453A5258-23F5-4ACF-A689-16F6EA86F8D8}.Debug|Mixed Platforms.Build.0 = Debug|Any CPU
		{453A5258-23F5-4ACF-A689-16F6EA86F8D8}.Debug|x86.ActiveCfg = Debug|Any CPU
		{453A5258-23F5-4ACF-A689-16F6EA86F8D8}.Release|Any CPU.ActiveCfg = Release|Any CPU
		{453A5258-23F5-4ACF-A689-16F6EA86F8D8}.Release|Any CPU.Build.0 = Release|Any CPU
		{453A5258-23F5-4ACF-A689-16F6EA86F8D8}.Release|Mixed Platforms.ActiveCfg = Release|Any CPU
		{453A5258-23F5-4ACF-A689-16F6EA86F8D8}.Release|Mixed Platforms.Build.0 = Release|Any CPU
		{453A5258-23F5-4ACF-A689-16F6EA86F8D8}.Release|x86.ActiveCfg = Release|Any CPU
		{234C1883-5ABF-41B1-8156-EDD48359C127}.Debug|Any CPU.ActiveCfg = Debug|Any CPU
		{234C1883-5ABF-41B1-8156-EDD48359C127}.Debug|Any CPU.Build.0 = Debug|Any CPU
		{234C1883-5ABF-41B1-8156-EDD48359C127}.Debug|Mixed Platforms.ActiveCfg = Debug|Any CPU
		{234C1883-5ABF-41B1-8156-EDD48359C127}.Debug|Mixed Platforms.Build.0 = Debug|Any CPU
		{234C1883-5ABF-41B1-8156-EDD48359C127}.Debug|x86.ActiveCfg = Debug|Any CPU
		{234C1883-5ABF-41B1-8156-EDD48359C127}.Release|Any CPU.ActiveCfg = Release|Any CPU
		{234C1883-5ABF-41B1-8156-EDD48359C127}.Release|Any CPU.Build.0 = Release|Any CPU
		{234C1883-5ABF-41B1-8156-EDD48359C127}.Release|Mixed Platforms.ActiveCfg = Release|Any CPU
		{234C1883-5ABF-41B1-8156-EDD48359C127}.Release|Mixed Platforms.Build.0 = Release|Any CPU
		{234C1883-5ABF-41B1-8156-EDD48359C127}.Release|x86.ActiveCfg = Release|Any CPU
		{352E73F3-E51C-48FD-B77C-3BCC9995B017}.Debug|Any CPU.ActiveCfg = Debug|x86
		{352E73F3-E51C-48FD-B77C-3BCC9995B017}.Debug|Mixed Platforms.ActiveCfg = Debug|x86
		{352E73F3-E51C-48FD-B77C-3BCC9995B017}.Debug|Mixed Platforms.Build.0 = Debug|x86
		{352E73F3-E51C-48FD-B77C-3BCC9995B017}.Debug|x86.ActiveCfg = Debug|x86
		{352E73F3-E51C-48FD-B77C-3BCC9995B017}.Debug|x86.Build.0 = Debug|x86
		{352E73F3-E51C-48FD-B77C-3BCC9995B017}.Release|Any CPU.ActiveCfg = Release|x86
		{352E73F3-E51C-48FD-B77C-3BCC9995B017}.Release|Mixed Platforms.ActiveCfg = Release|x86
		{352E73F3-E51C-48FD-B77C-3BCC9995B017}.Release|Mixed Platforms.Build.0 = Release|x86
		{352E73F3-E51C-48FD-B77C-3BCC9995B017}.Release|x86.ActiveCfg = Release|x86
		{352E73F3-E51C-48FD-B77C-3BCC9995B017}.Release|x86.Build.0 = Release|x86
		{711BA4D6-E350-4E68-A42F-EB236CC3CEDC}.Debug|Any CPU.ActiveCfg = Debug|Any CPU
		{711BA4D6-E350-4E68-A42F-EB236CC3CEDC}.Debug|Any CPU.Build.0 = Debug|Any CPU
		{711BA4D6-E350-4E68-A42F-EB236CC3CEDC}.Debug|Mixed Platforms.ActiveCfg = Debug|Any CPU
		{711BA4D6-E350-4E68-A42F-EB236CC3CEDC}.Debug|Mixed Platforms.Build.0 = Debug|Any CPU
		{711BA4D6-E350-4E68-A42F-EB236CC3CEDC}.Debug|x86.ActiveCfg = Debug|Any CPU
		{711BA4D6-E350-4E68-A42F-EB236CC3CEDC}.Release|Any CPU.ActiveCfg = Release|Any CPU
		{711BA4D6-E350-4E68-A42F-EB236CC3CEDC}.Release|Any CPU.Build.0 = Release|Any CPU
		{711BA4D6-E350-4E68-A42F-EB236CC3CEDC}.Release|Mixed Platforms.ActiveCfg = Release|Any CPU
		{711BA4D6-E350-4E68-A42F-EB236CC3CEDC}.Release|Mixed Platforms.Build.0 = Release|Any CPU
		{711BA4D6-E350-4E68-A42F-EB236CC3CEDC}.Release|x86.ActiveCfg = Release|Any CPU
	EndGlobalSection
	GlobalSection(SolutionProperties) = preSolution
		HideSolutionNode = FALSE
	EndGlobalSection
EndGlobal
